
Microsoft Visual Studio Solution File, Format Version 12.00
# Visual Studio Version 17
VisualStudioVersion = 17.10.35004.147
MinimumVisualStudioVersion = 10.0.40219.1
Project("{FAE04EC0-301F-11D3-BF4B-00C04F79EFBC}") = "С#1", "С#1.csproj", "{3B555FC3-2B6F-42E1-94B7-9007EE688E4F}"
EndProject
Global
	GlobalSection(SolutionConfigurationPlatforms) = preSolution
		Debug|Any CPU = Debug|Any CPU
		Release|Any CPU = Release|Any CPU
	EndGlobalSection
	GlobalSection(ProjectConfigurationPlatforms) = postSolution
		{3B555FC3-2B6F-42E1-94B7-9007EE688E4F}.Debug|Any CPU.ActiveCfg = Debug|Any CPU
		{3B555FC3-2B6F-42E1-94B7-9007EE688E4F}.Debug|Any CPU.Build.0 = Debug|Any CPU
		{3B555FC3-2B6F-42E1-94B7-9007EE688E4F}.Release|Any CPU.ActiveCfg = Release|Any CPU
		{3B555FC3-2B6F-42E1-94B7-9007EE688E4F}.Release|Any CPU.Build.0 = Release|Any CPU
	EndGlobalSection
	GlobalSection(SolutionProperties) = preSolution
		HideSolutionNode = FALSE
	EndGlobalSection
	GlobalSection(ExtensibilityGlobals) = postSolution
		SolutionGuid = {45929676-B925-42E8-B74E-A52D6741E035}
	EndGlobalSection
EndGlobal
